
Microsoft Visual Studio Solution File, Format Version 12.00
# Visual Studio Version 16
VisualStudioVersion = 16.0.29613.14
MinimumVisualStudioVersion = 10.0.40219.1
Project("{9A19103F-16F7-4668-BE54-9A1E7A4F7556}") = "StoryBackEnd.WebApi", "StoryBackEnd.WebApi\StoryBackEnd.WebApi.csproj", "{A487B705-7246-4602-8830-6115A1719BC3}"
EndProject
Project("{FAE04EC0-301F-11D3-BF4B-00C04F79EFBC}") = "Common", "Common\Common.csproj", "{E8F4D32A-562D-4AF9-AE12-91948DDB92B5}"
EndProject
Project("{2150E333-8FDC-42A3-9474-1A3956D46DE8}") = "Sample", "Sample", "{1E8A8394-CB63-4921-BDD3-6060A4DC7082}"
EndProject
Global
	GlobalSection(SolutionConfigurationPlatforms) = preSolution
		Debug|Any CPU = Debug|Any CPU
		Release|Any CPU = Release|Any CPU
	EndGlobalSection
	GlobalSection(ProjectConfigurationPlatforms) = postSolution
		{A487B705-7246-4602-8830-6115A1719BC3}.Debug|Any CPU.ActiveCfg = Debug|Any CPU
		{A487B705-7246-4602-8830-6115A1719BC3}.Debug|Any CPU.Build.0 = Debug|Any CPU
		{A487B705-7246-4602-8830-6115A1719BC3}.Release|Any CPU.ActiveCfg = Release|Any CPU
		{A487B705-7246-4602-8830-6115A1719BC3}.Release|Any CPU.Build.0 = Release|Any CPU
		{E8F4D32A-562D-4AF9-AE12-91948DDB92B5}.Debug|Any CPU.ActiveCfg = Debug|Any CPU
		{E8F4D32A-562D-4AF9-AE12-91948DDB92B5}.Debug|Any CPU.Build.0 = Debug|Any CPU
		{E8F4D32A-562D-4AF9-AE12-91948DDB92B5}.Release|Any CPU.ActiveCfg = Release|Any CPU
		{E8F4D32A-562D-4AF9-AE12-91948DDB92B5}.Release|Any CPU.Build.0 = Release|Any CPU
	EndGlobalSection
	GlobalSection(SolutionProperties) = preSolution
		HideSolutionNode = FALSE
	EndGlobalSection
	GlobalSection(ExtensibilityGlobals) = postSolution
		SolutionGuid = {1A8DB972-463D-461E-B8A0-35D8B93775F1}
	EndGlobalSection
EndGlobal
